
Microsoft Visual Studio Solution File, Format Version 12.00
# Visual Studio 2013
VisualStudioVersion = 12.0.30501.0
MinimumVisualStudioVersion = 10.0.40219.1
Project("{FAE04EC0-301F-11D3-BF4B-00C04F79EFBC}") = "StringToLower", "StringToLower.csproj", "{D45A4EA7-309C-41DE-AF25-3AC0494809FD}"
EndProject
Project("{FAE04EC0-301F-11D3-BF4B-00C04F79EFBC}") = "StringToLower.Tests", "..\UnitTesting\StringToLower.Tests\StringToLower.Tests.csproj", "{F482A727-2327-40FC-9BFD-88F725188A15}"
EndProject
Global
	GlobalSection(SolutionConfigurationPlatforms) = preSolution
		Debug|Any CPU = Debug|Any CPU
		Release|Any CPU = Release|Any CPU
	EndGlobalSection
	GlobalSection(ProjectConfigurationPlatforms) = postSolution
		{D45A4EA7-309C-41DE-AF25-3AC0494809FD}.Debug|Any CPU.ActiveCfg = Debug|Any CPU
		{D45A4EA7-309C-41DE-AF25-3AC0494809FD}.Debug|Any CPU.Build.0 = Debug|Any CPU
		{D45A4EA7-309C-41DE-AF25-3AC0494809FD}.Release|Any CPU.ActiveCfg = Release|Any CPU
		{D45A4EA7-309C-41DE-AF25-3AC0494809FD}.Release|Any CPU.Build.0 = Release|Any CPU
		{F482A727-2327-40FC-9BFD-88F725188A15}.Debug|Any CPU.ActiveCfg = Debug|Any CPU
		{F482A727-2327-40FC-9BFD-88F725188A15}.Debug|Any CPU.Build.0 = Debug|Any CPU
		{F482A727-2327-40FC-9BFD-88F725188A15}.Release|Any CPU.ActiveCfg = Release|Any CPU
		{F482A727-2327-40FC-9BFD-88F725188A15}.Release|Any CPU.Build.0 = Release|Any CPU
	EndGlobalSection
	GlobalSection(SolutionProperties) = preSolution
		HideSolutionNode = FALSE
	EndGlobalSection
EndGlobal
